
Microsoft Visual Studio Solution File, Format Version 12.00
# Visual Studio 15
VisualStudioVersion = 15.0.28307.1082
MinimumVisualStudioVersion = 10.0.40219.1
Project("{FAE04EC0-301F-11D3-BF4B-00C04F79EFBC}") = "ReadersDiary.Android", "ReadersDiary\ReadersDiary.Android\ReadersDiary.Android.csproj", "{1257C941-D12D-4402-BAA3-544FA75E4611}"
EndProject
Project("{FAE04EC0-301F-11D3-BF4B-00C04F79EFBC}") = "ReadersDiary.iOS", "ReadersDiary\ReadersDiary.iOS\ReadersDiary.iOS.csproj", "{DD3A9850-DB24-4429-AB41-BD3981937D54}"
EndProject
Project("{FAE04EC0-301F-11D3-BF4B-00C04F79EFBC}") = "ReadersDiary", "ReadersDiary\ReadersDiary\ReadersDiary.csproj", "{228E7D2F-452F-4769-8911-083E55ACCBC5}"
EndProject
Global
	GlobalSection(SolutionConfigurationPlatforms) = preSolution
		Ad-Hoc|Any CPU = Ad-Hoc|Any CPU
		Ad-Hoc|iPhone = Ad-Hoc|iPhone
		Ad-Hoc|iPhoneSimulator = Ad-Hoc|iPhoneSimulator
		AppStore|Any CPU = AppStore|Any CPU
		AppStore|iPhone = AppStore|iPhone
		AppStore|iPhoneSimulator = AppStore|iPhoneSimulator
		Debug|Any CPU = Debug|Any CPU
		Debug|iPhone = Debug|iPhone
		Debug|iPhoneSimulator = Debug|iPhoneSimulator
		Release|Any CPU = Release|Any CPU
		Release|iPhone = Release|iPhone
		Release|iPhoneSimulator = Release|iPhoneSimulator
	EndGlobalSection
	GlobalSection(ProjectConfigurationPlatforms) = postSolution
		{1257C941-D12D-4402-BAA3-544FA75E4611}.Ad-Hoc|Any CPU.ActiveCfg = Release|Any CPU
		{1257C941-D12D-4402-BAA3-544FA75E4611}.Ad-Hoc|Any CPU.Build.0 = Release|Any CPU
		{1257C941-D12D-4402-BAA3-544FA75E4611}.Ad-Hoc|Any CPU.Deploy.0 = Release|Any CPU
		{1257C941-D12D-4402-BAA3-544FA75E4611}.Ad-Hoc|iPhone.ActiveCfg = Release|Any CPU
		{1257C941-D12D-4402-BAA3-544FA75E4611}.Ad-Hoc|iPhone.Build.0 = Release|Any CPU
		{1257C941-D12D-4402-BAA3-544FA75E4611}.Ad-Hoc|iPhone.Deploy.0 = Release|Any CPU
		{1257C941-D12D-4402-BAA3-544FA75E4611}.Ad-Hoc|iPhoneSimulator.ActiveCfg = Release|Any CPU
		{1257C941-D12D-4402-BAA3-544FA75E4611}.Ad-Hoc|iPhoneSimulator.Build.0 = Release|Any CPU
		{1257C941-D12D-4402-BAA3-544FA75E4611}.Ad-Hoc|iPhoneSimulator.Deploy.0 = Release|Any CPU
		{1257C941-D12D-4402-BAA3-544FA75E4611}.AppStore|Any CPU.ActiveCfg = Release|Any CPU
		{1257C941-D12D-4402-BAA3-544FA75E4611}.AppStore|Any CPU.Build.0 = Release|Any CPU
		{1257C941-D12D-4402-BAA3-544FA75E4611}.AppStore|Any CPU.Deploy.0 = Release|Any CPU
		{1257C941-D12D-4402-BAA3-544FA75E4611}.AppStore|iPhone.ActiveCfg = Release|Any CPU
		{1257C941-D12D-4402-BAA3-544FA75E4611}.AppStore|iPhone.Build.0 = Release|Any CPU
		{1257C941-D12D-4402-BAA3-544FA75E4611}.AppStore|iPhone.Deploy.0 = Release|Any CPU
		{1257C941-D12D-4402-BAA3-544FA75E4611}.AppStore|iPhoneSimulator.ActiveCfg = Release|Any CPU
		{1257C941-D12D-4402-BAA3-544FA75E4611}.AppStore|iPhoneSimulator.Build.0 = Release|Any CPU
		{1257C941-D12D-4402-BAA3-544FA75E4611}.AppStore|iPhoneSimulator.Deploy.0 = Release|Any CPU
		{1257C941-D12D-4402-BAA3-544FA75E4611}.Debug|Any CPU.ActiveCfg = Debug|Any CPU
		{1257C941-D12D-4402-BAA3-544FA75E4611}.Debug|Any CPU.Build.0 = Debug|Any CPU
		{1257C941-D12D-4402-BAA3-544FA75E4611}.Debug|Any CPU.Deploy.0 = Debug|Any CPU
		{1257C941-D12D-4402-BAA3-544FA75E4611}.Debug|iPhone.ActiveCfg = Debug|Any CPU
		{1257C941-D12D-4402-BAA3-544FA75E4611}.Debug|iPhone.Build.0 = Debug|Any CPU
		{1257C941-D12D-4402-BAA3-544FA75E4611}.Debug|iPhone.Deploy.0 = Debug|Any CPU
		{1257C941-D12D-4402-BAA3-544FA75E4611}.Debug|iPhoneSimulator.ActiveCfg = Debug|Any CPU
		{1257C941-D12D-4402-BAA3-544FA75E4611}.Debug|iPhoneSimulator.Build.0 = Debug|Any CPU
		{1257C941-D12D-4402-BAA3-544FA75E4611}.Debug|iPhoneSimulator.Deploy.0 = Debug|Any CPU
		{1257C941-D12D-4402-BAA3-544FA75E4611}.Release|Any CPU.ActiveCfg = Release|Any CPU
		{1257C941-D12D-4402-BAA3-544FA75E4611}.Release|Any CPU.Build.0 = Release|Any CPU
		{1257C941-D12D-4402-BAA3-544FA75E4611}.Release|Any CPU.Deploy.0 = Release|Any CPU
		{1257C941-D12D-4402-BAA3-544FA75E4611}.Release|iPhone.ActiveCfg = Release|Any CPU
		{1257C941-D12D-4402-BAA3-544FA75E4611}.Release|iPhone.Build.0 = Release|Any CPU
		{1257C941-D12D-4402-BAA3-544FA75E4611}.Release|iPhone.Deploy.0 = Release|Any CPU
		{1257C941-D12D-4402-BAA3-544FA75E4611}.Release|iPhoneSimulator.ActiveCfg = Release|Any CPU
		{1257C941-D12D-4402-BAA3-544FA75E4611}.Release|iPhoneSimulator.Build.0 = Release|Any CPU
		{1257C941-D12D-4402-BAA3-544FA75E4611}.Release|iPhoneSimulator.Deploy.0 = Release|Any CPU
		{DD3A9850-DB24-4429-AB41-BD3981937D54}.Ad-Hoc|Any CPU.ActiveCfg = Ad-Hoc|iPhone
		{DD3A9850-DB24-4429-AB41-BD3981937D54}.Ad-Hoc|Any CPU.Build.0 = Ad-Hoc|iPhone
		{DD3A9850-DB24-4429-AB41-BD3981937D54}.Ad-Hoc|Any CPU.Deploy.0 = Ad-Hoc|iPhone
		{DD3A9850-DB24-4429-AB41-BD3981937D54}.Ad-Hoc|iPhone.ActiveCfg = Ad-Hoc|iPhone
		{DD3A9850-DB24-4429-AB41-BD3981937D54}.Ad-Hoc|iPhone.Build.0 = Ad-Hoc|iPhone
		{DD3A9850-DB24-4429-AB41-BD3981937D54}.Ad-Hoc|iPhone.Deploy.0 = Ad-Hoc|iPhone
		{DD3A9850-DB24-4429-AB41-BD3981937D54}.Ad-Hoc|iPhoneSimulator.ActiveCfg = Ad-Hoc|iPhoneSimulator
		{DD3A9850-DB24-4429-AB41-BD3981937D54}.Ad-Hoc|iPhoneSimulator.Build.0 = Ad-Hoc|iPhoneSimulator
		{DD3A9850-DB24-4429-AB41-BD3981937D54}.Ad-Hoc|iPhoneSimulator.Deploy.0 = Ad-Hoc|iPhoneSimulator
		{DD3A9850-DB24-4429-AB41-BD3981937D54}.AppStore|Any CPU.ActiveCfg = AppStore|iPhone
		{DD3A9850-DB24-4429-AB41-BD3981937D54}.AppStore|Any CPU.Build.0 = AppStore|iPhone
		{DD3A9850-DB24-4429-AB41-BD3981937D54}.AppStore|Any CPU.Deploy.0 = AppStore|iPhone
		{DD3A9850-DB24-4429-AB41-BD3981937D54}.AppStore|iPhone.ActiveCfg = AppStore|iPhone
		{DD3A9850-DB24-4429-AB41-BD3981937D54}.AppStore|iPhone.Build.0 = AppStore|iPhone
		{DD3A9850-DB24-4429-AB41-BD3981937D54}.AppStore|iPhone.Deploy.0 = AppStore|iPhone
		{DD3A9850-DB24-4429-AB41-BD3981937D54}.AppStore|iPhoneSimulator.ActiveCfg = AppStore|iPhoneSimulator
		{DD3A9850-DB24-4429-AB41-BD3981937D54}.AppStore|iPhoneSimulator.Build.0 = AppStore|iPhoneSimulator
		{DD3A9850-DB24-4429-AB41-BD3981937D54}.AppStore|iPhoneSimulator.Deploy.0 = AppStore|iPhoneSimulator
		{DD3A9850-DB24-4429-AB41-BD3981937D54}.Debug|Any CPU.ActiveCfg = Debug|iPhoneSimulator
		{DD3A9850-DB24-4429-AB41-BD3981937D54}.Debug|Any CPU.Build.0 = Debug|iPhoneSimulator
		{DD3A9850-DB24-4429-AB41-BD3981937D54}.Debug|Any CPU.Deploy.0 = Debug|iPhoneSimulator
		{DD3A9850-DB24-4429-AB41-BD3981937D54}.Debug|iPhone.ActiveCfg = Debug|iPhone
		{DD3A9850-DB24-4429-AB41-BD3981937D54}.Debug|iPhone.Build.0 = Debug|iPhone
		{DD3A9850-DB24-4429-AB41-BD3981937D54}.Debug|iPhone.Deploy.0 = Debug|iPhone
		{DD3A9850-DB24-4429-AB41-BD3981937D54}.Debug|iPhoneSimulator.ActiveCfg = Debug|iPhoneSimulator
		{DD3A9850-DB24-4429-AB41-BD3981937D54}.Debug|iPhoneSimulator.Build.0 = Debug|iPhoneSimulator
		{DD3A9850-DB24-4429-AB41-BD3981937D54}.Debug|iPhoneSimulator.Deploy.0 = Debug|iPhoneSimulator
		{DD3A9850-DB24-4429-AB41-BD3981937D54}.Release|Any CPU.ActiveCfg = Release|iPhone
		{DD3A9850-DB24-4429-AB41-BD3981937D54}.Release|Any CPU.Build.0 = Release|iPhone
		{DD3A9850-DB24-4429-AB41-BD3981937D54}.Release|Any CPU.Deploy.0 = Release|iPhone
		{DD3A9850-DB24-4429-AB41-BD3981937D54}.Release|iPhone.ActiveCfg = Release|iPhone
		{DD3A9850-DB24-4429-AB41-BD3981937D54}.Release|iPhone.Build.0 = Release|iPhone
		{DD3A9850-DB24-4429-AB41-BD3981937D54}.Release|iPhone.Deploy.0 = Release|iPhone
		{DD3A9850-DB24-4429-AB41-BD3981937D54}.Release|iPhoneSimulator.ActiveCfg = Release|iPhoneSimulator
		{DD3A9850-DB24-4429-AB41-BD3981937D54}.Release|iPhoneSimulator.Build.0 = Release|iPhoneSimulator
		{DD3A9850-DB24-4429-AB41-BD3981937D54}.Release|iPhoneSimulator.Deploy.0 = Release|iPhoneSimulator
		{228E7D2F-452F-4769-8911-083E55ACCBC5}.Ad-Hoc|Any CPU.ActiveCfg = Debug|Any CPU
		{228E7D2F-452F-4769-8911-083E55ACCBC5}.Ad-Hoc|Any CPU.Build.0 = Debug|Any CPU
		{228E7D2F-452F-4769-8911-083E55ACCBC5}.Ad-Hoc|Any CPU.Deploy.0 = Debug|Any CPU
		{228E7D2F-452F-4769-8911-083E55ACCBC5}.Ad-Hoc|iPhone.ActiveCfg = Debug|Any CPU
		{228E7D2F-452F-4769-8911-083E55ACCBC5}.Ad-Hoc|iPhone.Build.0 = Debug|Any CPU
		{228E7D2F-452F-4769-8911-083E55ACCBC5}.Ad-Hoc|iPhone.Deploy.0 = Debug|Any CPU
		{228E7D2F-452F-4769-8911-083E55ACCBC5}.Ad-Hoc|iPhoneSimulator.ActiveCfg = Debug|Any CPU
		{228E7D2F-452F-4769-8911-083E55ACCBC5}.Ad-Hoc|iPhoneSimulator.Build.0 = Debug|Any CPU
		{228E7D2F-452F-4769-8911-083E55ACCBC5}.Ad-Hoc|iPhoneSimulator.Deploy.0 = Debug|Any CPU
		{228E7D2F-452F-4769-8911-083E55ACCBC5}.AppStore|Any CPU.ActiveCfg = Debug|Any CPU
		{228E7D2F-452F-4769-8911-083E55ACCBC5}.AppStore|Any CPU.Build.0 = Debug|Any CPU
		{228E7D2F-452F-4769-8911-083E55ACCBC5}.AppStore|Any CPU.Deploy.0 = Debug|Any CPU
		{228E7D2F-452F-4769-8911-083E55ACCBC5}.AppStore|iPhone.ActiveCfg = Debug|Any CPU
		{228E7D2F-452F-4769-8911-083E55ACCBC5}.AppStore|iPhone.Build.0 = Debug|Any CPU
		{228E7D2F-452F-4769-8911-083E55ACCBC5}.AppStore|iPhone.Deploy.0 = Debug|Any CPU
		{228E7D2F-452F-4769-8911-083E55ACCBC5}.AppStore|iPhoneSimulator.ActiveCfg = Debug|Any CPU
		{228E7D2F-452F-4769-8911-083E55ACCBC5}.AppStore|iPhoneSimulator.Build.0 = Debug|Any CPU
		{228E7D2F-452F-4769-8911-083E55ACCBC5}.AppStore|iPhoneSimulator.Deploy.0 = Debug|Any CPU
		{228E7D2F-452F-4769-8911-083E55ACCBC5}.Debug|Any CPU.ActiveCfg = Debug|Any CPU
		{228E7D2F-452F-4769-8911-083E55ACCBC5}.Debug|Any CPU.Build.0 = Debug|Any CPU
		{228E7D2F-452F-4769-8911-083E55ACCBC5}.Debug|Any CPU.Deploy.0 = Debug|Any CPU
		{228E7D2F-452F-4769-8911-083E55ACCBC5}.Debug|iPhone.ActiveCfg = Debug|Any CPU
		{228E7D2F-452F-4769-8911-083E55ACCBC5}.Debug|iPhone.Build.0 = Debug|Any CPU
		{228E7D2F-452F-4769-8911-083E55ACCBC5}.Debug|iPhone.Deploy.0 = Debug|Any CPU
		{228E7D2F-452F-4769-8911-083E55ACCBC5}.Debug|iPhoneSimulator.ActiveCfg = Debug|Any CPU
		{228E7D2F-452F-4769-8911-083E55ACCBC5}.Debug|iPhoneSimulator.Build.0 = Debug|Any CPU
		{228E7D2F-452F-4769-8911-083E55ACCBC5}.Debug|iPhoneSimulator.Deploy.0 = Debug|Any CPU
		{228E7D2F-452F-4769-8911-083E55ACCBC5}.Release|Any CPU.ActiveCfg = Release|Any CPU
		{228E7D2F-452F-4769-8911-083E55ACCBC5}.Release|Any CPU.Build.0 = Release|Any CPU
		{228E7D2F-452F-4769-8911-083E55ACCBC5}.Release|Any CPU.Deploy.0 = Release|Any CPU
		{228E7D2F-452F-4769-8911-083E55ACCBC5}.Release|iPhone.ActiveCfg = Release|Any CPU
		{228E7D2F-452F-4769-8911-083E55ACCBC5}.Release|iPhone.Build.0 = Release|Any CPU
		{228E7D2F-452F-4769-8911-083E55ACCBC5}.Release|iPhone.Deploy.0 = Release|Any CPU
		{228E7D2F-452F-4769-8911-083E55ACCBC5}.Release|iPhoneSimulator.ActiveCfg = Release|Any CPU
		{228E7D2F-452F-4769-8911-083E55ACCBC5}.Release|iPhoneSimulator.Build.0 = Release|Any CPU
		{228E7D2F-452F-4769-8911-083E55ACCBC5}.Release|iPhoneSimulator.Deploy.0 = Release|Any CPU
	EndGlobalSection
	GlobalSection(SolutionProperties) = preSolution
		HideSolutionNode = FALSE
	EndGlobalSection
	GlobalSection(ExtensibilityGlobals) = postSolution
		SolutionGuid = {614C0B9F-2F02-4C26-BC4F-F782F6434285}
	EndGlobalSection
EndGlobal
